
Microsoft Visual Studio Solution File, Format Version 12.00
# Visual Studio 15
VisualStudioVersion = 15.0.28307.1684
MinimumVisualStudioVersion = 10.0.40219.1
Project("{FAE04EC0-301F-11D3-BF4B-00C04F79EFBC}") = "ServiceServer", "ServiceServer.csproj", "{3B700689-09F6-4B05-8EFC-ABFDD650ABD5}"
EndProject
Project("{FAE04EC0-301F-11D3-BF4B-00C04F79EFBC}") = "ServerLogic", "ServerLogic\ServerLogic.csproj", "{08AB9AB5-ED4C-4777-9E0F-2A08AFE19A41}"
EndProject
Global
	GlobalSection(SolutionConfigurationPlatforms) = preSolution
		Debug|Any CPU = Debug|Any CPU
		Release|Any CPU = Release|Any CPU
	EndGlobalSection
	GlobalSection(ProjectConfigurationPlatforms) = postSolution
		{3B700689-09F6-4B05-8EFC-ABFDD650ABD5}.Debug|Any CPU.ActiveCfg = Debug|Any CPU
		{3B700689-09F6-4B05-8EFC-ABFDD650ABD5}.Debug|Any CPU.Build.0 = Debug|Any CPU
		{3B700689-09F6-4B05-8EFC-ABFDD650ABD5}.Release|Any CPU.ActiveCfg = Release|Any CPU
		{3B700689-09F6-4B05-8EFC-ABFDD650ABD5}.Release|Any CPU.Build.0 = Release|Any CPU
		{08AB9AB5-ED4C-4777-9E0F-2A08AFE19A41}.Debug|Any CPU.ActiveCfg = Debug|Any CPU
		{08AB9AB5-ED4C-4777-9E0F-2A08AFE19A41}.Debug|Any CPU.Build.0 = Debug|Any CPU
		{08AB9AB5-ED4C-4777-9E0F-2A08AFE19A41}.Release|Any CPU.ActiveCfg = Release|Any CPU
		{08AB9AB5-ED4C-4777-9E0F-2A08AFE19A41}.Release|Any CPU.Build.0 = Release|Any CPU
	EndGlobalSection
	GlobalSection(SolutionProperties) = preSolution
		HideSolutionNode = FALSE
	EndGlobalSection
	GlobalSection(ExtensibilityGlobals) = postSolution
		SolutionGuid = {357A7740-9A37-42F4-9BAF-31503DD42893}
	EndGlobalSection
EndGlobal
